
Microsoft Visual Studio Solution File, Format Version 12.00
# Visual Studio Version 17
VisualStudioVersion = 17.11.35327.3
MinimumVisualStudioVersion = 10.0.40219.1
Project("{FAE04EC0-301F-11D3-BF4B-00C04F79EFBC}") = "ShoppingListApp", "ShoppingListApp\ShoppingListApp.csproj", "{79E00C38-A47C-4B2F-9485-E8FD432BA675}"
EndProject
Project("{FAE04EC0-301F-11D3-BF4B-00C04F79EFBC}") = "BLL", "BLL\BLL.csproj", "{79B3971D-7204-4DB9-96A2-C3FCFB66351C}"
EndProject
Project("{FAE04EC0-301F-11D3-BF4B-00C04F79EFBC}") = "DAL", "DAL\DAL.csproj", "{3FEFF447-291C-4E86-AAD8-47CAB31C3829}"
EndProject
Global
	GlobalSection(SolutionConfigurationPlatforms) = preSolution
		Debug|Any CPU = Debug|Any CPU
		Release|Any CPU = Release|Any CPU
	EndGlobalSection
	GlobalSection(ProjectConfigurationPlatforms) = postSolution
		{79E00C38-A47C-4B2F-9485-E8FD432BA675}.Debug|Any CPU.ActiveCfg = Debug|Any CPU
		{79E00C38-A47C-4B2F-9485-E8FD432BA675}.Debug|Any CPU.Build.0 = Debug|Any CPU
		{79E00C38-A47C-4B2F-9485-E8FD432BA675}.Release|Any CPU.ActiveCfg = Release|Any CPU
		{79E00C38-A47C-4B2F-9485-E8FD432BA675}.Release|Any CPU.Build.0 = Release|Any CPU
		{79B3971D-7204-4DB9-96A2-C3FCFB66351C}.Debug|Any CPU.ActiveCfg = Debug|Any CPU
		{79B3971D-7204-4DB9-96A2-C3FCFB66351C}.Debug|Any CPU.Build.0 = Debug|Any CPU
		{79B3971D-7204-4DB9-96A2-C3FCFB66351C}.Release|Any CPU.ActiveCfg = Release|Any CPU
		{79B3971D-7204-4DB9-96A2-C3FCFB66351C}.Release|Any CPU.Build.0 = Release|Any CPU
		{3FEFF447-291C-4E86-AAD8-47CAB31C3829}.Debug|Any CPU.ActiveCfg = Debug|Any CPU
		{3FEFF447-291C-4E86-AAD8-47CAB31C3829}.Debug|Any CPU.Build.0 = Debug|Any CPU
		{3FEFF447-291C-4E86-AAD8-47CAB31C3829}.Release|Any CPU.ActiveCfg = Release|Any CPU
		{3FEFF447-291C-4E86-AAD8-47CAB31C3829}.Release|Any CPU.Build.0 = Release|Any CPU
	EndGlobalSection
	GlobalSection(SolutionProperties) = preSolution
		HideSolutionNode = FALSE
	EndGlobalSection
	GlobalSection(ExtensibilityGlobals) = postSolution
		SolutionGuid = {D2463651-9316-4106-9E1B-C87B0D7F96E5}
	EndGlobalSection
EndGlobal
